
Microsoft Visual Studio Solution File, Format Version 12.00
# Visual Studio 15
VisualStudioVersion = 15.0.28307.421
MinimumVisualStudioVersion = 10.0.40219.1
Project("{FAE04EC0-301F-11D3-BF4B-00C04F79EFBC}") = "Practicando", "Practicando\Practicando.csproj", "{E9BD52D2-7368-4EA0-BB3F-83DD40A100AE}"
EndProject
Global
	GlobalSection(SolutionConfigurationPlatforms) = preSolution
		Debug|Any CPU = Debug|Any CPU
		Release|Any CPU = Release|Any CPU
	EndGlobalSection
	GlobalSection(ProjectConfigurationPlatforms) = postSolution
		{E9BD52D2-7368-4EA0-BB3F-83DD40A100AE}.Debug|Any CPU.ActiveCfg = Debug|Any CPU
		{E9BD52D2-7368-4EA0-BB3F-83DD40A100AE}.Debug|Any CPU.Build.0 = Debug|Any CPU
		{E9BD52D2-7368-4EA0-BB3F-83DD40A100AE}.Release|Any CPU.ActiveCfg = Release|Any CPU
		{E9BD52D2-7368-4EA0-BB3F-83DD40A100AE}.Release|Any CPU.Build.0 = Release|Any CPU
	EndGlobalSection
	GlobalSection(SolutionProperties) = preSolution
		HideSolutionNode = FALSE
	EndGlobalSection
	GlobalSection(ExtensibilityGlobals) = postSolution
		SolutionGuid = {4E37981A-C281-4455-9A96-AE0FA5A29A8D}
	EndGlobalSection
EndGlobal
